
Microsoft Visual Studio Solution File, Format Version 12.00
# Visual Studio 2013
VisualStudioVersion = 12.0.21005.1
MinimumVisualStudioVersion = 10.0.40219.1
Project("{FAE04EC0-301F-11D3-BF4B-00C04F79EFBC}") = "frame", "frame\frame.csproj", "{DB3FAD61-8D96-47EB-B0F0-DD205D2EB0BB}"
EndProject
Global
	GlobalSection(SolutionConfigurationPlatforms) = preSolution
		Debug|Any CPU = Debug|Any CPU
		Release|Any CPU = Release|Any CPU
	EndGlobalSection
	GlobalSection(ProjectConfigurationPlatforms) = postSolution
		{DB3FAD61-8D96-47EB-B0F0-DD205D2EB0BB}.Debug|Any CPU.ActiveCfg = Debug|Any CPU
		{DB3FAD61-8D96-47EB-B0F0-DD205D2EB0BB}.Debug|Any CPU.Build.0 = Debug|Any CPU
		{DB3FAD61-8D96-47EB-B0F0-DD205D2EB0BB}.Release|Any CPU.ActiveCfg = Release|Any CPU
		{DB3FAD61-8D96-47EB-B0F0-DD205D2EB0BB}.Release|Any CPU.Build.0 = Release|Any CPU
	EndGlobalSection
	GlobalSection(SolutionProperties) = preSolution
		HideSolutionNode = FALSE
	EndGlobalSection
EndGlobal
